// !$*UTF8*$!
{
	archiveVersion = 1;
	classes = {
	};
	objectVersion = 46;
	objects = {

/* Begin PBXBuildFile section */
		1026D6A41F2F53C4002AA038 /* main.m in Sources */ = {isa = PBXBuildFile; fileRef = 1026D6A31F2F53C4002AA038 /* main.m */; };
		1026D6A71F2F53C4002AA038 /* AppDelegate.m in Sources */ = {isa = PBXBuildFile; fileRef = 1026D6A61F2F53C4002AA038 /* AppDelegate.m */; };
		1026D6AA1F2F53C4002AA038 /* ViewController.m in Sources */ = {isa = PBXBuildFile; fileRef = 1026D6A91F2F53C4002AA038 /* ViewController.m */; };
		1026D6AD1F2F53C4002AA038 /* Main.storyboard in Resources */ = {isa = PBXBuildFile; fileRef = 1026D6AB1F2F53C4002AA038 /* Main.storyboard */; };
		1026D6B01F2F53C4002AA038 /* UIWebViewToImage.xcdatamodeld in Sources */ = {isa = PBXBuildFile; fileRef = 1026D6AE1F2F53C4002AA038 /* UIWebViewToImage.xcdatamodeld */; };
		1026D6B21F2F53C4002AA038 /* Assets.xcassets in Resources */ = {isa = PBXBuildFile; fileRef = 1026D6B11F2F53C4002AA038 /* Assets.xcassets */; };
		1026D6B51F2F53C4002AA038 /* LaunchScreen.storyboard in Resources */ = {isa = PBXBuildFile; fileRef = 1026D6B31F2F53C4002AA038 /* LaunchScreen.storyboard */; };
		1026D6C01F2F53C4002AA038 /* UIWebViewToImageTests.m in Sources */ = {isa = PBXBuildFile; fileRef = 1026D6BF1F2F53C4002AA038 /* UIWebViewToImageTests.m */; };
		1026D6CB1F2F53C4002AA038 /* UIWebViewToImageUITests.m in Sources */ = {isa = PBXBuildFile; fileRef = 1026D6CA1F2F53C4002AA038 /* UIWebViewToImageUITests.m */; };
		1026D6DA1F2F53F2002AA038 /* UIWebView+ToFile.m in Sources */ = {isa = PBXBuildFile; fileRef = 1026D6D91F2F53F2002AA038 /* UIWebView+ToFile.m */; };
/* End PBXBuildFile section */

/* Begin PBXContainerItemProxy section */
		1026D6BC1F2F53C4002AA038 /* PBXContainerItemProxy */ = {
			isa = PBXContainerItemProxy;
			containerPortal = 1026D6971F2F53C4002AA038 /* Project object */;
			proxyType = 1;
			remoteGlobalIDString = 1026D69E1F2F53C4002AA038;
			remoteInfo = UIWebViewToImage;
		};
		1026D6C71F2F53C4002AA038 /* PBXContainerItemProxy */ = {
			isa = PBXContainerItemProxy;
			containerPortal = 1026D6971F2F53C4002AA038 /* Project object */;
			proxyType = 1;
			remoteGlobalIDString = 1026D69E1F2F53C4002AA038;
			remoteInfo = UIWebViewToImage;
		};
/* End PBXContainerItemProxy section */

/* Begin PBXFileReference section */
		1026D69F1F2F53C4002AA038 /* UIWebViewToImage.app */ = {isa = PBXFileReference; explicitFileType = wrapper.application; includeInIndex = 0; path = UIWebViewToImage.app; sourceTree = BUILT_PRODUCTS_DIR; };
		1026D6A31F2F53C4002AA038 /* main.m */ = {isa = PBXFileReference; lastKnownFileType = sourcecode.c.objc; path = main.m; sourceTree = "<group>"; };
		1026D6A51F2F53C4002AA038 /* AppDelegate.h */ = {isa = PBXFileReference; lastKnownFileType = sourcecode.c.h; path = AppDelegate.h; sourceTree = "<group>"; };
		1026D6A61F2F53C4002AA038 /* AppDelegate.m */ = {isa = PBXFileReference; lastKnownFileType = sourcecode.c.objc; path = AppDelegate.m; sourceTree = "<group>"; };
		1026D6A81F2F53C4002AA038 /* ViewController.h */ = {isa = PBXFileReference; lastKnownFileType = sourcecode.c.h; path = ViewController.h; sourceTree = "<group>"; };
		1026D6A91F2F53C4002AA038 /* ViewController.m */ = {isa = PBXFileReference; lastKnownFileType = sourcecode.c.objc; path = ViewController.m; sourceTree = "<group>"; };
		1026D6AC1F2F53C4002AA038 /* Base */ = {isa = PBXFileReference; lastKnownFileType = file.storyboard; name = Base; path = Base.lproj/Main.storyboard; sourceTree = "<group>"; };
		1026D6AF1F2F53C4002AA038 /* UIWebViewToImage.xcdatamodel */ = {isa = PBXFileReference; lastKnownFileType = wrapper.xcdatamodel; path = UIWebViewToImage.xcdatamodel; sourceTree = "<group>"; };
		1026D6B11F2F53C4002AA038 /* Assets.xcassets */ = {isa = PBXFileReference; lastKnownFileType = folder.assetcatalog; path = Assets.xcassets; sourceTree = "<group>"; };
		1026D6B41F2F53C4002AA038 /* Base */ = {isa = PBXFileReference; lastKnownFileType = file.storyboard; name = Base; path = Base.lproj/LaunchScreen.storyboard; sourceTree = "<group>"; };
		1026D6B61F2F53C4002AA038 /* Info.plist */ = {isa = PBXFileReference; lastKnownFileType = text.plist.xml; path = Info.plist; sourceTree = "<group>"; };
		1026D6BB1F2F53C4002AA038 /* UIWebViewToImageTests.xctest */ = {isa = PBXFileReference; explicitFileType = wrapper.cfbundle; includeInIndex = 0; path = UIWebViewToImageTests.xctest; sourceTree = BUILT_PRODUCTS_DIR; };
		1026D6BF1F2F53C4002AA038 /* UIWebViewToImageTests.m */ = {isa = PBXFileReference; lastKnownFileType = sourcecode.c.objc; path = UIWebViewToImageTests.m; sourceTree = "<group>"; };
		1026D6C11F2F53C4002AA038 /* Info.plist */ = {isa = PBXFileReference; lastKnownFileType = text.plist.xml; path = Info.plist; sourceTree = "<group>"; };
		1026D6C61F2F53C4002AA038 /* UIWebViewToImageUITests.xctest */ = {isa = PBXFileReference; explicitFileType = wrapper.cfbundle; includeInIndex = 0; path = UIWebViewToImageUITests.xctest; sourceTree = BUILT_PRODUCTS_DIR; };
		1026D6CA1F2F53C4002AA038 /* UIWebViewToImageUITests.m */ = {isa = PBXFileReference; lastKnownFileType = sourcecode.c.objc; path = UIWebViewToImageUITests.m; sourceTree = "<group>"; };
		1026D6CC1F2F53C4002AA038 /* Info.plist */ = {isa = PBXFileReference; lastKnownFileType = text.plist.xml; path = Info.plist; sourceTree = "<group>"; };
		1026D6D81F2F53F2002AA038 /* UIWebView+ToFile.h */ = {isa = PBXFileReference; fileEncoding = 4; lastKnownFileType = sourcecode.c.h; path = "UIWebView+ToFile.h"; sourceTree = "<group>"; };
		1026D6D91F2F53F2002AA038 /* UIWebView+ToFile.m */ = {isa = PBXFileReference; fileEncoding = 4; lastKnownFileType = sourcecode.c.objc; path = "UIWebView+ToFile.m"; sourceTree = "<group>"; };
/* End PBXFileReference section */

/* Begin PBXFrameworksBuildPhase section */
		1026D69C1F2F53C4002AA038 /* Frameworks */ = {
			isa = PBXFrameworksBuildPhase;
			buildActionMask = 2147483647;
			files = (
			);
			runOnlyForDeploymentPostprocessing = 0;
		};
		1026D6B81F2F53C4002AA038 /* Frameworks */ = {
			isa = PBXFrameworksBuildPhase;
			buildActionMask = 2147483647;
			files = (
			);
			runOnlyForDeploymentPostprocessing = 0;
		};
		1026D6C31F2F53C4002AA038 /* Frameworks */ = {
			isa = PBXFrameworksBuildPhase;
			buildActionMask = 2147483647;
			files = (
			);
			runOnlyForDeploymentPostprocessing = 0;
		};
/* End PBXFrameworksBuildPhase section */

/* Begin PBXGroup section */
		1026D6961F2F53C4002AA038 = {
			isa = PBXGroup;
			children = (
				1026D6A11F2F53C4002AA038 /* UIWebViewToImage */,
				1026D6BE1F2F53C4002AA038 /* UIWebViewToImageTests */,
				1026D6C91F2F53C4002AA038 /* UIWebViewToImageUITests */,
				1026D6A01F2F53C4002AA038 /* Products */,
			);
			sourceTree = "<group>";
		};
		1026D6A01F2F53C4002AA038 /* Products */ = {
			isa = PBXGroup;
			children = (
				1026D69F1F2F53C4002AA038 /* UIWebViewToImage.app */,
				1026D6BB1F2F53C4002AA038 /* UIWebViewToImageTests.xctest */,
				1026D6C61F2F53C4002AA038 /* UIWebViewToImageUITests.xctest */,
			);
			name = Products;
			sourceTree = "<group>";
		};
		1026D6A11F2F53C4002AA038 /* UIWebViewToImage */ = {
			isa = PBXGroup;
			children = (
				1026D6A51F2F53C4002AA038 /* AppDelegate.h */,
				1026D6A61F2F53C4002AA038 /* AppDelegate.m */,
				1026D6A81F2F53C4002AA038 /* ViewController.h */,
				1026D6A91F2F53C4002AA038 /* ViewController.m */,
				1026D6D81F2F53F2002AA038 /* UIWebView+ToFile.h */,
				1026D6D91F2F53F2002AA038 /* UIWebView+ToFile.m */,
				1026D6AB1F2F53C4002AA038 /* Main.storyboard */,
				1026D6B11F2F53C4002AA038 /* Assets.xcassets */,
				1026D6B31F2F53C4002AA038 /* LaunchScreen.storyboard */,
				1026D6B61F2F53C4002AA038 /* Info.plist */,
				1026D6AE1F2F53C4002AA038 /* UIWebViewToImage.xcdatamodeld */,
				1026D6A21F2F53C4002AA038 /* Supporting Files */,
			);
			path = UIWebViewToImage;
			sourceTree = "<group>";
		};
		1026D6A21F2F53C4002AA038 /* Supporting Files */ = {
			isa = PBXGroup;
			children = (
				1026D6A31F2F53C4002AA038 /* main.m */,
			);
			name = "Supporting Files";
			sourceTree = "<group>";
		};
		1026D6BE1F2F53C4002AA038 /* UIWebViewToImageTests */ = {
			isa = PBXGroup;
			children = (
				1026D6BF1F2F53C4002AA038 /* UIWebViewToImageTests.m */,
				1026D6C11F2F53C4002AA038 /* Info.plist */,
			);
			path = UIWebViewToImageTests;
			sourceTree = "<group>";
		};
		1026D6C91F2F53C4002AA038 /* UIWebViewToImageUITests */ = {
			isa = PBXGroup;
			children = (
				1026D6CA1F2F53C4002AA038 /* UIWebViewToImageUITests.m */,
				1026D6CC1F2F53C4002AA038 /* Info.plist */,
			);
			path = UIWebViewToImageUITests;
			sourceTree = "<group>";
		};
/* End PBXGroup section */

/* Begin PBXNativeTarget section */
		1026D69E1F2F53C4002AA038 /* UIWebViewToImage */ = {
			isa = PBXNativeTarget;
			buildConfigurationList = 1026D6CF1F2F53C4002AA038 /* Build configuration list for PBXNativeTarget "UIWebViewToImage" */;
			buildPhases = (
				1026D69B1F2F53C4002AA038 /* Sources */,
				1026D69C1F2F53C4002AA038 /* Frameworks */,
				1026D69D1F2F53C4002AA038 /* Resources */,
			);
			buildRules = (
			);
			dependencies = (
			);
			name = UIWebViewToImage;
			productName = UIWebViewToImage;
			productReference = 1026D69F1F2F53C4002AA038 /* UIWebViewToImage.app */;
			productType = "com.apple.product-type.application";
		};
		1026D6BA1F2F53C4002AA038 /* UIWebViewToImageTests */ = {
			isa = PBXNativeTarget;
			buildConfigurationList = 1026D6D21F2F53C4002AA038 /* Build configuration list for PBXNativeTarget "UIWebViewToImageTests" */;
			buildPhases = (
				1026D6B71F2F53C4002AA038 /* Sources */,
				1026D6B81F2F53C4002AA038 /* Frameworks */,
				1026D6B91F2F53C4002AA038 /* Resources */,
			);
			buildRules = (
			);
			dependencies = (
				1026D6BD1F2F53C4002AA038 /* PBXTargetDependency */,
			);
			name = UIWebViewToImageTests;
			productName = UIWebViewToImageTests;
			productReference = 1026D6BB1F2F53C4002AA038 /* UIWebViewToImageTests.xctest */;
			productType = "com.apple.product-type.bundle.unit-test";
		};
		1026D6C51F2F53C4002AA038 /* UIWebViewToImageUITests */ = {
			isa = PBXNativeTarget;
			buildConfigurationList = 1026D6D51F2F53C4002AA038 /* Build configuration list for PBXNativeTarget "UIWebViewToImageUITests" */;
			buildPhases = (
				1026D6C21F2F53C4002AA038 /* Sources */,
				1026D6C31F2F53C4002AA038 /* Frameworks */,
				1026D6C41F2F53C4002AA038 /* Resources */,
			);
			buildRules = (
			);
			dependencies = (
				1026D6C81F2F53C4002AA038 /* PBXTargetDependency */,
			);
			name = UIWebViewToImageUITests;
			productName = UIWebViewToImageUITests;
			productReference = 1026D6C61F2F53C4002AA038 /* UIWebViewToImageUITests.xctest */;
			productType = "com.apple.product-type.bundle.ui-testing";
		};
/* End PBXNativeTarget section */

/* Begin PBXProject section */
		1026D6971F2F53C4002AA038 /* Project object */ = {
			isa = PBXProject;
			attributes = {
				LastUpgradeCheck = 0830;
				ORGANIZATIONNAME = lyg;
				TargetAttributes = {
					1026D69E1F2F53C4002AA038 = {
						CreatedOnToolsVersion = 8.3.3;
						DevelopmentTeam = 23SFV4F8NR;
						ProvisioningStyle = Automatic;
					};
					1026D6BA1F2F53C4002AA038 = {
						CreatedOnToolsVersion = 8.3.3;
						DevelopmentTeam = 23SFV4F8NR;
						ProvisioningStyle = Automatic;
						TestTargetID = 1026D69E1F2F53C4002AA038;
					};
					1026D6C51F2F53C4002AA038 = {
						CreatedOnToolsVersion = 8.3.3;
						DevelopmentTeam = 23SFV4F8NR;
						ProvisioningStyle = Automatic;
						TestTargetID = 1026D69E1F2F53C4002AA038;
					};
				};
			};
			buildConfigurationList = 1026D69A1F2F53C4002AA038 /* Build configuration list for PBXProject "UIWebViewToImage" */;
			compatibilityVersion = "Xcode 3.2";
			developmentRegion = English;
			hasScannedForEncodings = 0;
			knownRegions = (
				en,
				Base,
			);
			mainGroup = 1026D6961F2F53C4002AA038;
			productRefGroup = 1026D6A01F2F53C4002AA038 /* Products */;
			projectDirPath = "";
			projectRoot = "";
			targets = (
				1026D69E1F2F53C4002AA038 /* UIWebViewToImage */,
				1026D6BA1F2F53C4002AA038 /* UIWebViewToImageTests */,
				1026D6C51F2F53C4002AA038 /* UIWebViewToImageUITests */,
			);
		};
/* End PBXProject section */

/* Begin PBXResourcesBuildPhase section */
		1026D69D1F2F53C4002AA038 /* Resources */ = {
			isa = PBXResourcesBuildPhase;
			buildActionMask = 2147483647;
			files = (
				1026D6B51F2F53C4002AA038 /* LaunchScreen.storyboard in Resources */,
				1026D6B21F2F53C4002AA038 /* Assets.xcassets in Resources */,
				1026D6AD1F2F53C4002AA038 /* Main.storyboard in Resources */,
			);
			runOnlyForDeploymentPostprocessing = 0;
		};
		1026D6B91F2F53C4002AA038 /* Resources */ = {
			isa = PBXResourcesBuildPhase;
			buildActionMask = 2147483647;
			files = (
			);
			runOnlyForDeploymentPostprocessing = 0;
		};
		1026D6C41F2F53C4002AA038 /* Resources */ = {
			isa = PBXResourcesBuildPhase;
			buildActionMask = 2147483647;
			files = (
			);
			runOnlyForDeploymentPostprocessing = 0;
		};
/* End PBXResourcesBuildPhase section */

/* Begin PBXSourcesBuildPhase section */
		1026D69B1F2F53C4002AA038 /* Sources */ = {
			isa = PBXSourcesBuildPhase;
			buildActionMask = 2147483647;
			files = (
				1026D6AA1F2F53C4002AA038 /* ViewController.m in Sources */,
				1026D6A71F2F53C4002AA038 /* AppDelegate.m in Sources */,
				1026D6DA1F2F53F2002AA038 /* UIWebView+ToFile.m in Sources */,
				1026D6B01F2F53C4002AA038 /* UIWebViewToImage.xcdatamodeld in Sources */,
				1026D6A41F2F53C4002AA038 /* main.m in Sources */,
			);
			runOnlyForDeploymentPostprocessing = 0;
		};
		1026D6B71F2F53C4002AA038 /* Sources */ = {
			isa = PBXSourcesBuildPhase;
			buildActionMask = 2147483647;
			files = (
				1026D6C01F2F53C4002AA038 /* UIWebViewToImageTests.m in Sources */,
			);
			runOnlyForDeploymentPostprocessing = 0;
		};
		1026D6C21F2F53C4002AA038 /* Sources */ = {
			isa = PBXSourcesBuildPhase;
			buildActionMask = 2147483647;
			files = (
				1026D6CB1F2F53C4002AA038 /* UIWebViewToImageUITests.m in Sources */,
			);
			runOnlyForDeploymentPostprocessing = 0;
		};
/* End PBXSourcesBuildPhase section */

/* Begin PBXTargetDependency section */
		1026D6BD1F2F53C4002AA038 /* PBXTargetDependency */ = {
			isa = PBXTargetDependency;
			target = 1026D69E1F2F53C4002AA038 /* UIWebViewToImage */;
			targetProxy = 1026D6BC1F2F53C4002AA038 /* PBXContainerItemProxy */;
		};
		1026D6C81F2F53C4002AA038 /* PBXTargetDependency */ = {
			isa = PBXTargetDependency;
			target = 1026D69E1F2F53C4002AA038 /* UIWebViewToImage */;
			targetProxy = 1026D6C71F2F53C4002AA038 /* PBXContainerItemProxy */;
		};
/* End PBXTargetDependency section */

/* Begin PBXVariantGroup section */
		1026D6AB1F2F53C4002AA038 /* Main.storyboard */ = {
			isa = PBXVariantGroup;
			children = (
				1026D6AC1F2F53C4002AA038 /* Base */,
			);
			name = Main.storyboard;
			sourceTree = "<group>";
		};
		1026D6B31F2F53C4002AA038 /* LaunchScreen.storyboard */ = {
			isa = PBXVariantGroup;
			children = (
				1026D6B41F2F53C4002AA038 /* Base */,
			);
			name = LaunchScreen.storyboard;
			sourceTree = "<group>";
		};
/* End PBXVariantGroup section */

/* Begin XCBuildConfiguration section */
		1026D6CD1F2F53C4002AA038 /* Debug */ = {
			isa = XCBuildConfiguration;
			buildSettings = {
				ALWAYS_SEARCH_USER_PATHS = NO;
				CLANG_ANALYZER_NONNULL = YES;
				CLANG_ANALYZER_NUMBER_OBJECT_CONVERSION = YES_AGGRESSIVE;
				CLANG_CXX_LANGUAGE_STANDARD = "gnu++0x";
				CLANG_CXX_LIBRARY = "libc++";
				CLANG_ENABLE_MODULES = YES;
				CLANG_ENABLE_OBJC_ARC = YES;
				CLANG_WARN_BOOL_CONVERSION = YES;
				CLANG_WARN_CONSTANT_CONVERSION = YES;
				CLANG_WARN_DIRECT_OBJC_ISA_USAGE = YES_ERROR;
				CLANG_WARN_DOCUMENTATION_COMMENTS = YES;
				CLANG_WARN_EMPTY_BODY = YES;
				CLANG_WARN_ENUM_CONVERSION = YES;
				CLANG_WARN_INFINITE_RECURSION = YES;
				CLANG_WARN_INT_CONVERSION = YES;
				CLANG_WARN_OBJC_ROOT_CLASS = YES_ERROR;
				CLANG_WARN_SUSPICIOUS_MOVE = YES;
				CLANG_WARN_UNREACHABLE_CODE = YES;
				CLANG_WARN__DUPLICATE_METHOD_MATCH = YES;
				"CODE_SIGN_IDENTITY[sdk=iphoneos*]" = "iPhone Developer";
				COPY_PHASE_STRIP = NO;
				DEBUG_INFORMATION_FORMAT = dwarf;
				ENABLE_STRICT_OBJC_MSGSEND = YES;
				ENABLE_TESTABILITY = YES;
				GCC_C_LANGUAGE_STANDARD = gnu99;
				GCC_DYNAMIC_NO_PIC = NO;
				GCC_NO_COMMON_BLOCKS = YES;
				GCC_OPTIMIZATION_LEVEL = 0;
				GCC_PREPROCESSOR_DEFINITIONS = (
					"DEBUG=1",
					"$(inherited)",
				);
				GCC_WARN_64_TO_32_BIT_CONVERSION = YES;
				GCC_WARN_ABOUT_RETURN_TYPE = YES_ERROR;
				GCC_WARN_UNDECLARED_SELECTOR = YES;
				GCC_WARN_UNINITIALIZED_AUTOS = YES_AGGRESSIVE;
				GCC_WARN_UNUSED_FUNCTION = YES;
				GCC_WARN_UNUSED_VARIABLE = YES;
				IPHONEOS_DEPLOYMENT_TARGET = 10.3;
				MTL_ENABLE_DEBUG_INFO = YES;
				ONLY_ACTIVE_ARCH = YES;
				SDKROOT = iphoneos;
			};
			name = Debug;
		};
		1026D6CE1F2F53C4002AA038 /* Release */ = {
			isa = XCBuildConfiguration;
			buildSettings = {
				ALWAYS_SEARCH_USER_PATHS = NO;
				CLANG_ANALYZER_NONNULL = YES;
				CLANG_ANALYZER_NUMBER_OBJECT_CONVERSION = YES_AGGRESSIVE;
				CLANG_CXX_LANGUAGE_STANDARD = "gnu++0x";
				CLANG_CXX_LIBRARY = "libc++";
				CLANG_ENABLE_MODULES = YES;
				CLANG_ENABLE_OBJC_ARC = YES;
				CLANG_WARN_BOOL_CONVERSION = YES;
				CLANG_WARN_CONSTANT_CONVERSION = YES;
				CLANG_WARN_DIRECT_OBJC_ISA_USAGE = YES_ERROR;
				CLANG_WARN_DOCUMENTATION_COMMENTS = YES;
				CLANG_WARN_EMPTY_BODY = YES;
				CLANG_WARN_ENUM_CONVERSION = YES;
				CLANG_WARN_INFINITE_RECURSION = YES;
				CLANG_WARN_INT_CONVERSION = YES;
				CLANG_WARN_OBJC_ROOT_CLASS = YES_ERROR;
				CLANG_WARN_SUSPICIOUS_MOVE = YES;
				CLANG_WARN_UNREACHABLE_CODE = YES;
				CLANG_WARN__DUPLICATE_METHOD_MATCH = YES;
				"CODE_SIGN_IDENTITY[sdk=iphoneos*]" = "iPhone Developer";
				COPY_PHASE_STRIP = NO;
				DEBUG_INFORMATION_FORMAT = "dwarf-with-dsym";
				ENABLE_NS_ASSERTIONS = NO;
				ENABLE_STRICT_OBJC_MSGSEND = YES;
				GCC_C_LANGUAGE_STANDARD = gnu99;
				GCC_NO_COMMON_BLOCKS = YES;
				GCC_WARN_64_TO_32_BIT_CONVERSION = YES;
				GCC_WARN_ABOUT_RETURN_TYPE = YES_ERROR;
				GCC_WARN_UNDECLARED_SELECTOR = YES;
				GCC_WARN_UNINITIALIZED_AUTOS = YES_AGGRESSIVE;
				GCC_WARN_UNUSED_FUNCTION = YES;
				GCC_WARN_UNUSED_VARIABLE = YES;
				IPHONEOS_DEPLOYMENT_TARGET = 10.3;
				MTL_ENABLE_DEBUG_INFO = NO;
				SDKROOT = iphoneos;
				VALIDATE_PRODUCT = YES;
			};
			name = Release;
		};
		1026D6D01F2F53C4002AA038 /* Debug */ = {
			isa = XCBuildConfiguration;
			buildSettings = {
				ASSETCATALOG_COMPILER_APPICON_NAME = AppIcon;
				DEVELOPMENT_TEAM = 23SFV4F8NR;
				INFOPLIST_FILE = UIWebViewToImage/Info.plist;
				LD_RUNPATH_SEARCH_PATHS = "$(inherited) @executable_path/Frameworks";
				PRODUCT_BUNDLE_IDENTIFIER = com.suixingpay.UIWebViewToImage;
				PRODUCT_NAME = "$(TARGET_NAME)";
			};
			name = Debug;
		};
		1026D6D11F2F53C4002AA038 /* Release */ = {
			isa = XCBuildConfiguration;
			buildSettings = {
				ASSETCATALOG_COMPILER_APPICON_NAME = AppIcon;
				DEVELOPMENT_TEAM = 23SFV4F8NR;
				INFOPLIST_FILE = UIWebViewToImage/Info.plist;
				LD_RUNPATH_SEARCH_PATHS = "$(inherited) @executable_path/Frameworks";
				PRODUCT_BUNDLE_IDENTIFIER = com.suixingpay.UIWebViewToImage;
				PRODUCT_NAME = "$(TARGET_NAME)";
			};
			name = Release;
		};
		1026D6D31F2F53C4002AA038 /* Debug */ = {
			isa = XCBuildConfiguration;
			buildSettings = {
				BUNDLE_LOADER = "$(TEST_HOST)";
				DEVELOPMENT_TEAM = 23SFV4F8NR;
				INFOPLIST_FILE = UIWebViewToImageTests/Info.plist;
				LD_RUNPATH_SEARCH_PATHS = "$(inherited) @executable_path/Frameworks @loader_path/Frameworks";
				PRODUCT_BUNDLE_IDENTIFIER = com.suixingpay.UIWebViewToImageTests;
				PRODUCT_NAME = "$(TARGET_NAME)";
				TEST_HOST = "$(BUILT_PRODUCTS_DIR)/UIWebViewToImage.app/UIWebViewToImage";
			};
			name = Debug;
		};
		1026D6D41F2F53C4002AA038 /* Release */ = {
			isa = XCBuildConfiguration;
			buildSettings = {
				BUNDLE_LOADER = "$(TEST_HOST)";
				DEVELOPMENT_TEAM = 23SFV4F8NR;
				INFOPLIST_FILE = UIWebViewToImageTests/Info.plist;
				LD_RUNPATH_SEARCH_PATHS = "$(inherited) @executable_path/Frameworks @loader_path/Frameworks";
				PRODUCT_BUNDLE_IDENTIFIER = com.suixingpay.UIWebViewToImageTests;
				PRODUCT_NAME = "$(TARGET_NAME)";
				TEST_HOST = "$(BUILT_PRODUCTS_DIR)/UIWebViewToImage.app/UIWebViewToImage";
			};
			name = Release;
		};
		1026D6D61F2F53C4002AA038 /* Debug */ = {
			isa = XCBuildConfiguration;
			buildSettings = {
				DEVELOPMENT_TEAM = 23SFV4F8NR;
				INFOPLIST_FILE = UIWebViewToImageUITests/Info.plist;
				LD_RUNPATH_SEARCH_PATHS = "$(inherited) @executable_path/Frameworks @loader_path/Frameworks";
				PRODUCT_BUNDLE_IDENTIFIER = com.suixingpay.UIWebViewToImageUITests;
				PRODUCT_NAME = "$(TARGET_NAME)";
				TEST_TARGET_NAME = UIWebViewToImage;
			};
			name = Debug;
		};
		1026D6D71F2F53C4002AA038 /* Release */ = {
			isa = XCBuildConfiguration;
			buildSettings = {
				DEVELOPMENT_TEAM = 23SFV4F8NR;
				INFOPLIST_FILE = UIWebViewToImageUITests/Info.plist;
				LD_RUNPATH_SEARCH_PATHS = "$(inherited) @executable_path/Frameworks @loader_path/Frameworks";
				PRODUCT_BUNDLE_IDENTIFIER = com.suixingpay.UIWebViewToImageUITests;
				PRODUCT_NAME = "$(TARGET_NAME)";
				TEST_TARGET_NAME = UIWebViewToImage;
			};
			name = Release;
		};
/* End XCBuildConfiguration section */

/* Begin XCConfigurationList section */
		1026D69A1F2F53C4002AA038 /* Build configuration list for PBXProject "UIWebViewToImage" */ = {
			isa = XCConfigurationList;
			buildConfigurations = (
				1026D6CD1F2F53C4002AA038 /* Debug */,
				1026D6CE1F2F53C4002AA038 /* Release */,
			);
			defaultConfigurationIsVisible = 0;
			defaultConfigurationName = Release;
		};
		1026D6CF1F2F53C4002AA038 /* Build configuration list for PBXNativeTarget "UIWebViewToImage" */ = {
			isa = XCConfigurationList;
			buildConfigurations = (
				1026D6D01F2F53C4002AA038 /* Debug */,
				1026D6D11F2F53C4002AA038 /* Release */,
			);
			defaultConfigurationIsVisible = 0;
		};
		1026D6D21F2F53C4002AA038 /* Build configuration list for PBXNativeTarget "UIWebViewToImageTests" */ = {
			isa = XCConfigurationList;
			buildConfigurations = (
				1026D6D31F2F53C4002AA038 /* Debug */,
				1026D6D41F2F53C4002AA038 /* Release */,
			);
			defaultConfigurationIsVisible = 0;
		};
		1026D6D51F2F53C4002AA038 /* Build configuration list for PBXNativeTarget "UIWebViewToImageUITests" */ = {
			isa = XCConfigurationList;
			buildConfigurations = (
				1026D6D61F2F53C4002AA038 /* Debug */,
				1026D6D71F2F53C4002AA038 /* Release */,
			);
			defaultConfigurationIsVisible = 0;
		};
/* End XCConfigurationList section */

/* Begin XCVersionGroup section */
		1026D6AE1F2F53C4002AA038 /* UIWebViewToImage.xcdatamodeld */ = {
			isa = XCVersionGroup;
			children = (
				1026D6AF1F2F53C4002AA038 /* UIWebViewToImage.xcdatamodel */,
			);
			currentVersion = 1026D6AF1F2F53C4002AA038 /* UIWebViewToImage.xcdatamodel */;
			path = UIWebViewToImage.xcdatamodeld;
			sourceTree = "<group>";
			versionGroupType = wrapper.xcdatamodel;
		};
/* End XCVersionGroup section */
	};
	rootObject = 1026D6971F2F53C4002AA038 /* Project object */;
}
